
Microsoft Visual Studio Solution File, Format Version 12.00
# Visual Studio Version 16
VisualStudioVersion = 16.0.30621.155
MinimumVisualStudioVersion = 10.0.40219.1
Project("{FAE04EC0-301F-11D3-BF4B-00C04F79EFBC}") = "BankEncapsulation", "BankEncapsulation.csproj", "{70916BF7-1D9F-48C0-8ADF-847538B0201F}"
EndProject
Global
	GlobalSection(SolutionConfigurationPlatforms) = preSolution
		Debug|Any CPU = Debug|Any CPU
		Release|Any CPU = Release|Any CPU
	EndGlobalSection
	GlobalSection(ProjectConfigurationPlatforms) = postSolution
		{70916BF7-1D9F-48C0-8ADF-847538B0201F}.Debug|Any CPU.ActiveCfg = Debug|Any CPU
		{70916BF7-1D9F-48C0-8ADF-847538B0201F}.Debug|Any CPU.Build.0 = Debug|Any CPU
		{70916BF7-1D9F-48C0-8ADF-847538B0201F}.Release|Any CPU.ActiveCfg = Release|Any CPU
		{70916BF7-1D9F-48C0-8ADF-847538B0201F}.Release|Any CPU.Build.0 = Release|Any CPU
	EndGlobalSection
	GlobalSection(SolutionProperties) = preSolution
		HideSolutionNode = FALSE
	EndGlobalSection
	GlobalSection(ExtensibilityGlobals) = postSolution
		SolutionGuid = {87308FD6-0A72-425C-9AF3-3801EA1F9FED}
	EndGlobalSection
EndGlobal
